{"version":4,"terraform_version":"1.9.0","serial":2,"lineage":"e36b7432-821c-1986-a9b4-7d19d6c679b2","outputs":{},"resources":[{"mode":"managed","type":"dns_a_record_set","name":"macos","provider":"provider[\"registry.opentofu.org/hashicorp/dns\"]","instances":[{"schema_version":0,"attributes":{"addresses":["10.0.255.156"],"id":"macos.home.youngsecurity.net.","name":"macos","ttl":300,"zone":"home.youngsecurity.net."},"sensitive_attributes":[],"private":"bnVsbA=="}]}],"check_results":null}
