{"version":4,"terraform_version":"1.9.0","serial":26,"lineage":"b009d48e-ec18-a65c-6dc7-cfa53e59bc39","outputs":{},"resources":[{"mode":"data","type":"docker_network","name":"macvlan255","provider":"provider[\"registry.opentofu.org/kreuzwerker/docker\"]","instances":[{"schema_version":0,"attributes":{"driver":"macvlan","id":"72ad3c6f3a505b73240af2bdbb353b9292a5cf178e46e4515fd4687a4287c617","internal":false,"ipam_config":[{"aux_address":{},"gateway":"10.0.255.1","ip_range":"10.0.255.144/28","subnet":"10.0.255.0/24"}],"name":"macvlan255","options":{"parent":"enp3s0"},"scope":"local"},"sensitive_attributes":[]}]},{"mode":"managed","type":"docker_container","name":"macos_sickcodes","provider":"provider[\"registry.opentofu.org/kreuzwerker/docker\"]","instances":[{"schema_version":2,"attributes":{"attach":false,"bridge":"","capabilities":[{"add":["NET_ADMIN"],"drop":[]}],"cgroupns_mode":null,"command":["/bin/bash","-c","! [[ -e \"${BASESYSTEM_IMAGE:-BaseSystem.img}\" ]]         \u0026\u0026 printf '%s\\n' \"No BaseSystem.img available, downloading ${SHORTNAME}\"         \u0026\u0026 make         \u0026\u0026 qemu-img convert BaseSystem.dmg -O qcow2 -p -c ${BASESYSTEM_IMAGE:-BaseSystem.img}         \u0026\u0026 rm ./BaseSystem.dmg     ; sudo touch /dev/kvm /dev/snd \"${IMAGE_PATH}\" \"${BOOTDISK}\" \"${ENV}\" 2\u003e/dev/null || true     ; sudo chown -R $(id -u):$(id -g) /dev/kvm /dev/snd \"${IMAGE_PATH}\" \"${BOOTDISK}\" \"${ENV}\" 2\u003e/dev/null || true     ; [[ \"${NOPICKER}\" == true ]] \u0026\u0026 {         sed -i '/^.*InstallMedia.*/d' Launch.sh         \u0026\u0026 export BOOTDISK=\"${BOOTDISK:=/home/arch/OSX-KVM/OpenCore/OpenCore-nopicker.qcow2}\"     ; }     || export BOOTDISK=\"${BOOTDISK:=/home/arch/OSX-KVM/OpenCore/OpenCore.qcow2}\"     ; [[ \"${GENERATE_UNIQUE}\" == true ]] \u0026\u0026 {         ./Docker-OSX/osx-serial-generator/generate-unique-machine-values.sh             --master-plist-url=\"${MASTER_PLIST_URL}\"             --count 1             --tsv ./serial.tsv             --bootdisks             --width \"${WIDTH:-1920}\"             --height \"${HEIGHT:-1080}\"             --output-bootdisk \"${BOOTDISK:=/home/arch/OSX-KVM/OpenCore/OpenCore.qcow2}\"             --output-env \"${ENV:=/env}\"     || exit 1 ; }     ; [[ \"${GENERATE_SPECIFIC}\" == true ]] \u0026\u0026 {             source \"${ENV:=/env}\" 2\u003e/dev/null             ; ./Docker-OSX/osx-serial-generator/generate-specific-bootdisk.sh             --master-plist-url=\"${MASTER_PLIST_URL}\"             --model \"${DEVICE_MODEL}\"             --serial \"${SERIAL}\"             --board-serial \"${BOARD_SERIAL}\"             --uuid \"${UUID}\"             --mac-address \"${MAC_ADDRESS}\"             --width \"${WIDTH:-1920}\"             --height \"${HEIGHT:-1080}\"             --output-bootdisk \"${BOOTDISK:=/home/arch/OSX-KVM/OpenCore/OpenCore.qcow2}\"     || exit 1 ; }     ; ./enable-ssh.sh \u0026\u0026 /bin/bash -c ./Launch.sh"],"container_logs":null,"container_read_refresh_timeout_milliseconds":15000,"cpu_set":"","cpu_shares":0,"destroy_grace_seconds":null,"devices":[{"container_path":"/dev/kvm","host_path":"/dev/kvm","permissions":""},{"container_path":"/dev/net/tun","host_path":"/dev/net/tun","permissions":""}],"dns":null,"dns_opts":null,"dns_search":null,"domainname":"","entrypoint":[],"env":["CORES=4","DISPLAY=${DISPLAY:-:0.0}","GENERATE_UNIQUE=true","RAM=8","SIZE=64G","SMP=4"],"exit_code":null,"gpus":null,"group_add":null,"healthcheck":null,"host":[],"hostname":"28fa6f9c9949","id":"28fa6f9c99498b66cd964dfc5b25245c6d9135f2c29c82ca0483bb388419f11b","image":"sha256:3754ed23aaa97712c460c4afb261346ea3786c9a5d19e1ea1f155ded39ab2511","init":false,"ipc_mode":"private","labels":[],"log_driver":"json-file","log_opts":null,"logs":false,"max_retry_count":0,"memory":0,"memory_swap":0,"mounts":[{"bind_options":[],"read_only":null,"source":"/tmp/.X11-unix","target":"/tmp/.X11-unix","tmpfs_options":[],"type":"bind","volume_options":[]},{"bind_options":[],"read_only":null,"source":"macos_sickcodes_disk_1","target":"/storage","tmpfs_options":[],"type":"volume","volume_options":[]}],"must_run":true,"name":"macos_sickcodes","network_data":[{"gateway":"10.0.255.1","global_ipv6_address":"","global_ipv6_prefix_length":0,"ip_address":"10.0.255.156","ip_prefix_length":24,"ipv6_gateway":"","mac_address":"02:42:0a:00:ff:9c","network_name":"macvlan255"}],"network_mode":"bridge","networks_advanced":[{"aliases":[],"ipv4_address":"10.0.255.156","ipv6_address":"","name":"macvlan255"}],"pid_mode":"","ports":[],"privileged":false,"publish_all_ports":false,"read_only":false,"remove_volumes":true,"restart":"unless-stopped","rm":false,"runtime":"runc","security_opts":[],"shm_size":64,"start":true,"stdin_open":false,"stop_signal":"","stop_timeout":120,"storage_opts":null,"sysctls":null,"tmpfs":null,"tty":false,"ulimit":[],"upload":[],"user":"arch","userns_mode":"","volumes":[],"wait":false,"wait_timeout":60,"working_dir":"/home/arch/OSX-KVM"},"sensitive_attributes":[],"private":"eyJzY2hlbWFfdmVyc2lvbiI6IjIifQ==","dependencies":["data.docker_network.macvlan255","docker_image.docker-osx-ventura","docker_volume.macos_sickcodes_disk_1"]}]},{"mode":"managed","type":"docker_image","name":"docker-osx-ventura","provider":"provider[\"registry.opentofu.org/kreuzwerker/docker\"]","instances":[{"schema_version":0,"attributes":{"build":[],"force_remove":null,"id":"sha256:3754ed23aaa97712c460c4afb261346ea3786c9a5d19e1ea1f155ded39ab2511docker-osx-ventura:latest","image_id":"sha256:3754ed23aaa97712c460c4afb261346ea3786c9a5d19e1ea1f155ded39ab2511","keep_locally":null,"name":"docker-osx-ventura:latest","platform":null,"pull_triggers":null,"repo_digest":"","triggers":null},"sensitive_attributes":[],"private":"bnVsbA=="}]},{"mode":"managed","type":"docker_volume","name":"macos_sickcodes_disk_1","provider":"provider[\"registry.opentofu.org/kreuzwerker/docker\"]","instances":[{"schema_version":1,"attributes":{"driver":"local","driver_opts":null,"id":"macos_sickcodes_disk_1","labels":[],"mountpoint":"/var/lib/docker/volumes/macos_sickcodes_disk_1/_data","name":"macos_sickcodes_disk_1"},"sensitive_attributes":[],"private":"eyJzY2hlbWFfdmVyc2lvbiI6IjEifQ=="}]}],"check_results":null}
