{"version":4,"terraform_version":"1.9.0","serial":21,"lineage":"b009d48e-ec18-a65c-6dc7-cfa53e59bc39","outputs":{},"resources":[{"mode":"managed","type":"docker_network","name":"macvlan255","provider":"provider[\"registry.opentofu.org/kreuzwerker/docker\"]","instances":[{"schema_version":1,"attributes":{"attachable":false,"check_duplicate":null,"driver":"macvlan","id":"macvlan255","ingress":false,"internal":false,"ipam_config":[{"aux_address":{},"gateway":"10.0.255.1","ip_range":"10.0.255.144/28","subnet":"10.0.255.0/24"}],"ipam_driver":"default","ipam_options":{},"ipv6":false,"labels":[],"name":"macvlan255","options":{"parent":"enp3s0"},"scope":"local"},"sensitive_attributes":[],"private":"eyJzY2hlbWFfdmVyc2lvbiI6IjEifQ=="}]}],"check_results":null}
