{"version":4,"terraform_version":"1.9.0","serial":3,"lineage":"b009d48e-ec18-a65c-6dc7-cfa53e59bc39","outputs":{},"resources":[{"mode":"managed","type":"docker_container","name":"macos_dockurr","provider":"provider[\"registry.opentofu.org/kreuzwerker/docker\"]","instances":[{"schema_version":2,"attributes":{"attach":false,"bridge":"","capabilities":[{"add":["NET_ADMIN"],"drop":[]}],"cgroupns_mode":null,"command":[],"container_logs":null,"container_read_refresh_timeout_milliseconds":15000,"cpu_set":"","cpu_shares":0,"destroy_grace_seconds":null,"devices":[{"container_path":"/dev/kvm","host_path":"/dev/kvm","permissions":""},{"container_path":"/dev/net/tun","host_path":"/dev/net/tun","permissions":""}],"dns":null,"dns_opts":null,"dns_search":null,"domainname":"","entrypoint":["/usr/bin/tini","-s","/run/entry.sh"],"env":["CPU_CORES=4","DISK_SIZE=64G","RAM_SIZE=8GB","VERSION=15"],"exit_code":null,"gpus":null,"group_add":null,"healthcheck":[{"interval":"30s","retries":3,"start_period":"0s","test":["CMD","curl","-f","http://10.0.255.156:8006"],"timeout":"10s"}],"host":[],"hostname":"ae7f85bcbb03","id":"ae7f85bcbb030ffd3654fe075eda34af0361b40b6af651fe5c41f186dcf412d8","image":"sha256:c7f571640dc15165cb6d78a1176176c6cb94d03edb0623a28c3170ce09f617af","init":false,"ipc_mode":"private","labels":[],"log_driver":"json-file","log_opts":null,"logs":false,"max_retry_count":0,"memory":0,"memory_swap":0,"mounts":[{"bind_options":[],"read_only":null,"source":"dockurr_macos_disk_1","target":"/storage","tmpfs_options":[],"type":"volume","volume_options":[]}],"must_run":true,"name":"macos_dockurr","network_data":[{"gateway":"10.0.255.1","global_ipv6_address":"","global_ipv6_prefix_length":0,"ip_address":"10.0.255.156","ip_prefix_length":24,"ipv6_gateway":"","mac_address":"02:42:0a:00:ff:9c","network_name":"macvlan255"}],"network_mode":"bridge","networks_advanced":[{"aliases":[],"ipv4_address":"10.0.255.156","ipv6_address":"","name":"macvlan255"}],"pid_mode":"","ports":[],"privileged":false,"publish_all_ports":false,"read_only":false,"remove_volumes":true,"restart":"unless-stopped","rm":false,"runtime":"runc","security_opts":[],"shm_size":64,"start":true,"stdin_open":false,"stop_signal":"","stop_timeout":120,"storage_opts":null,"sysctls":null,"tmpfs":null,"tty":false,"ulimit":[],"upload":[],"user":"","userns_mode":"","volumes":[],"wait":false,"wait_timeout":60,"working_dir":"/"},"sensitive_attributes":[],"private":"eyJzY2hlbWFfdmVyc2lvbiI6IjIifQ==","dependencies":["docker_image.macos_image","docker_network.macvlan255","docker_volume.dockurr_macos_disk_1"]}]},{"mode":"managed","type":"docker_image","name":"macos_image","provider":"provider[\"registry.opentofu.org/kreuzwerker/docker\"]","instances":[{"schema_version":0,"attributes":{"build":[],"force_remove":null,"id":"sha256:c7f571640dc15165cb6d78a1176176c6cb94d03edb0623a28c3170ce09f617afdockurr/macos:latest","image_id":"sha256:c7f571640dc15165cb6d78a1176176c6cb94d03edb0623a28c3170ce09f617af","keep_locally":null,"name":"dockurr/macos:latest","platform":null,"pull_triggers":null,"repo_digest":"dockurr/macos@sha256:5548c03cb5923977876397b8f73a0dc080566f064527dc8658ed5b0409ef7e30","triggers":null},"sensitive_attributes":[],"private":"bnVsbA=="}]},{"mode":"managed","type":"docker_network","name":"macvlan255","provider":"provider[\"registry.opentofu.org/kreuzwerker/docker\"]","instances":[{"schema_version":1,"attributes":{"attachable":false,"check_duplicate":null,"driver":"macvlan","id":"macvlan255","ingress":false,"internal":false,"ipam_config":[{"aux_address":{},"gateway":"10.0.255.1","ip_range":"10.0.255.144/28","subnet":"10.0.255.0/24"}],"ipam_driver":"default","ipam_options":{},"ipv6":false,"labels":[],"name":"macvlan255","options":{"parent":"enp3s0"},"scope":"local"},"sensitive_attributes":[],"private":"eyJzY2hlbWFfdmVyc2lvbiI6IjEifQ=="}]},{"mode":"managed","type":"docker_volume","name":"dockurr_macos_disk_1","provider":"provider[\"registry.opentofu.org/kreuzwerker/docker\"]","instances":[{"schema_version":1,"attributes":{"driver":"local","driver_opts":{},"id":"dockurr_macos_disk_1","labels":[],"mountpoint":"/var/lib/docker/volumes/dockurr_macos_disk_1/_data","name":"dockurr_macos_disk_1"},"sensitive_attributes":[],"private":"eyJzY2hlbWFfdmVyc2lvbiI6IjEifQ=="}]}],"check_results":null}
